
Microsoft Visual Studio Solution File, Format Version 12.00
# Visual Studio 15
VisualStudioVersion = 15.0.26228.4
MinimumVisualStudioVersion = 15.0.26124.0
Project("{FAE04EC0-301F-11D3-BF4B-00C04F79EFBC}") = "Market", "src\Market\Market.csproj", "{D93D33F9-0377-46A7-9EFF-FD8342BAA046}"
EndProject
Project("{FAE04EC0-301F-11D3-BF4B-00C04F79EFBC}") = "TraderBot", "src\TraderBot\TraderBot.csproj", "{D3063C78-B06B-40E9-96FA-B6E03C5C4D55}"
EndProject
Project("{2150E333-8FDC-42A3-9474-1A3956D46DE8}") = "Solution Items", "Solution Items", "{8CC9C03F-688A-4A8F-8B19-75BA6162EB1B}"
	ProjectSection(SolutionItems) = preProject
		docker-compose.ci.build.yml = docker-compose.ci.build.yml
		docker-compose.dev.yml = docker-compose.dev.yml
		docker-compose.yml = docker-compose.yml
	EndProjectSection
EndProject
Project("{FAE04EC0-301F-11D3-BF4B-00C04F79EFBC}") = "Market.Api", "src\Market.Api\Market.Api.csproj", "{D998F5ED-9875-47FF-B9BA-F9B92687289C}"
EndProject
Project("{9A19103F-16F7-4668-BE54-9A1E7A4F7556}") = "Market.Common", "src\Market.Common\Market.Common.csproj", "{89047F99-7FCF-483B-9ECF-9468ED6B606A}"
EndProject
Project("{9A19103F-16F7-4668-BE54-9A1E7A4F7556}") = "Extensions.MongoDb", "src\Extensions.MongoDb\Extensions.MongoDb.csproj", "{14281736-33D7-4E70-B4A8-2EF7B7AB95F5}"
EndProject
Project("{9A19103F-16F7-4668-BE54-9A1E7A4F7556}") = "Extensions.RabbitMQ", "src\Extensions.RabbitMQ\Extensions.RabbitMQ.csproj", "{CEEF0914-D6F8-4314-8012-EAB91F6DA047}"
EndProject
Project("{9A19103F-16F7-4668-BE54-9A1E7A4F7556}") = "Extensions.Redis", "src\Extensions.Redis\Extensions.Redis.csproj", "{B69E10BA-87BF-4578-8A4D-BD14E0402872}"
EndProject
Global
	GlobalSection(SolutionConfigurationPlatforms) = preSolution
		Debug|Any CPU = Debug|Any CPU
		Debug|x64 = Debug|x64
		Debug|x86 = Debug|x86
		Release|Any CPU = Release|Any CPU
		Release|x64 = Release|x64
		Release|x86 = Release|x86
	EndGlobalSection
	GlobalSection(ProjectConfigurationPlatforms) = postSolution
		{D93D33F9-0377-46A7-9EFF-FD8342BAA046}.Debug|Any CPU.ActiveCfg = Debug|Any CPU
		{D93D33F9-0377-46A7-9EFF-FD8342BAA046}.Debug|Any CPU.Build.0 = Debug|Any CPU
		{D93D33F9-0377-46A7-9EFF-FD8342BAA046}.Debug|x64.ActiveCfg = Debug|Any CPU
		{D93D33F9-0377-46A7-9EFF-FD8342BAA046}.Debug|x64.Build.0 = Debug|Any CPU
		{D93D33F9-0377-46A7-9EFF-FD8342BAA046}.Debug|x86.ActiveCfg = Debug|Any CPU
		{D93D33F9-0377-46A7-9EFF-FD8342BAA046}.Debug|x86.Build.0 = Debug|Any CPU
		{D93D33F9-0377-46A7-9EFF-FD8342BAA046}.Release|Any CPU.ActiveCfg = Release|Any CPU
		{D93D33F9-0377-46A7-9EFF-FD8342BAA046}.Release|Any CPU.Build.0 = Release|Any CPU
		{D93D33F9-0377-46A7-9EFF-FD8342BAA046}.Release|x64.ActiveCfg = Release|Any CPU
		{D93D33F9-0377-46A7-9EFF-FD8342BAA046}.Release|x64.Build.0 = Release|Any CPU
		{D93D33F9-0377-46A7-9EFF-FD8342BAA046}.Release|x86.ActiveCfg = Release|Any CPU
		{D93D33F9-0377-46A7-9EFF-FD8342BAA046}.Release|x86.Build.0 = Release|Any CPU
		{D3063C78-B06B-40E9-96FA-B6E03C5C4D55}.Debug|Any CPU.ActiveCfg = Debug|Any CPU
		{D3063C78-B06B-40E9-96FA-B6E03C5C4D55}.Debug|Any CPU.Build.0 = Debug|Any CPU
		{D3063C78-B06B-40E9-96FA-B6E03C5C4D55}.Debug|x64.ActiveCfg = Debug|Any CPU
		{D3063C78-B06B-40E9-96FA-B6E03C5C4D55}.Debug|x64.Build.0 = Debug|Any CPU
		{D3063C78-B06B-40E9-96FA-B6E03C5C4D55}.Debug|x86.ActiveCfg = Debug|Any CPU
		{D3063C78-B06B-40E9-96FA-B6E03C5C4D55}.Debug|x86.Build.0 = Debug|Any CPU
		{D3063C78-B06B-40E9-96FA-B6E03C5C4D55}.Release|Any CPU.ActiveCfg = Release|Any CPU
		{D3063C78-B06B-40E9-96FA-B6E03C5C4D55}.Release|Any CPU.Build.0 = Release|Any CPU
		{D3063C78-B06B-40E9-96FA-B6E03C5C4D55}.Release|x64.ActiveCfg = Release|Any CPU
		{D3063C78-B06B-40E9-96FA-B6E03C5C4D55}.Release|x64.Build.0 = Release|Any CPU
		{D3063C78-B06B-40E9-96FA-B6E03C5C4D55}.Release|x86.ActiveCfg = Release|Any CPU
		{D3063C78-B06B-40E9-96FA-B6E03C5C4D55}.Release|x86.Build.0 = Release|Any CPU
		{D998F5ED-9875-47FF-B9BA-F9B92687289C}.Debug|Any CPU.ActiveCfg = Debug|Any CPU
		{D998F5ED-9875-47FF-B9BA-F9B92687289C}.Debug|Any CPU.Build.0 = Debug|Any CPU
		{D998F5ED-9875-47FF-B9BA-F9B92687289C}.Debug|x64.ActiveCfg = Debug|Any CPU
		{D998F5ED-9875-47FF-B9BA-F9B92687289C}.Debug|x64.Build.0 = Debug|Any CPU
		{D998F5ED-9875-47FF-B9BA-F9B92687289C}.Debug|x86.ActiveCfg = Debug|Any CPU
		{D998F5ED-9875-47FF-B9BA-F9B92687289C}.Debug|x86.Build.0 = Debug|Any CPU
		{D998F5ED-9875-47FF-B9BA-F9B92687289C}.Release|Any CPU.ActiveCfg = Release|Any CPU
		{D998F5ED-9875-47FF-B9BA-F9B92687289C}.Release|Any CPU.Build.0 = Release|Any CPU
		{D998F5ED-9875-47FF-B9BA-F9B92687289C}.Release|x64.ActiveCfg = Release|Any CPU
		{D998F5ED-9875-47FF-B9BA-F9B92687289C}.Release|x64.Build.0 = Release|Any CPU
		{D998F5ED-9875-47FF-B9BA-F9B92687289C}.Release|x86.ActiveCfg = Release|Any CPU
		{D998F5ED-9875-47FF-B9BA-F9B92687289C}.Release|x86.Build.0 = Release|Any CPU
		{89047F99-7FCF-483B-9ECF-9468ED6B606A}.Debug|Any CPU.ActiveCfg = Debug|Any CPU
		{89047F99-7FCF-483B-9ECF-9468ED6B606A}.Debug|Any CPU.Build.0 = Debug|Any CPU
		{89047F99-7FCF-483B-9ECF-9468ED6B606A}.Debug|x64.ActiveCfg = Debug|Any CPU
		{89047F99-7FCF-483B-9ECF-9468ED6B606A}.Debug|x64.Build.0 = Debug|Any CPU
		{89047F99-7FCF-483B-9ECF-9468ED6B606A}.Debug|x86.ActiveCfg = Debug|Any CPU
		{89047F99-7FCF-483B-9ECF-9468ED6B606A}.Debug|x86.Build.0 = Debug|Any CPU
		{89047F99-7FCF-483B-9ECF-9468ED6B606A}.Release|Any CPU.ActiveCfg = Release|Any CPU
		{89047F99-7FCF-483B-9ECF-9468ED6B606A}.Release|Any CPU.Build.0 = Release|Any CPU
		{89047F99-7FCF-483B-9ECF-9468ED6B606A}.Release|x64.ActiveCfg = Release|Any CPU
		{89047F99-7FCF-483B-9ECF-9468ED6B606A}.Release|x64.Build.0 = Release|Any CPU
		{89047F99-7FCF-483B-9ECF-9468ED6B606A}.Release|x86.ActiveCfg = Release|Any CPU
		{89047F99-7FCF-483B-9ECF-9468ED6B606A}.Release|x86.Build.0 = Release|Any CPU
		{14281736-33D7-4E70-B4A8-2EF7B7AB95F5}.Debug|Any CPU.ActiveCfg = Debug|Any CPU
		{14281736-33D7-4E70-B4A8-2EF7B7AB95F5}.Debug|Any CPU.Build.0 = Debug|Any CPU
		{14281736-33D7-4E70-B4A8-2EF7B7AB95F5}.Debug|x64.ActiveCfg = Debug|Any CPU
		{14281736-33D7-4E70-B4A8-2EF7B7AB95F5}.Debug|x64.Build.0 = Debug|Any CPU
		{14281736-33D7-4E70-B4A8-2EF7B7AB95F5}.Debug|x86.ActiveCfg = Debug|Any CPU
		{14281736-33D7-4E70-B4A8-2EF7B7AB95F5}.Debug|x86.Build.0 = Debug|Any CPU
		{14281736-33D7-4E70-B4A8-2EF7B7AB95F5}.Release|Any CPU.ActiveCfg = Release|Any CPU
		{14281736-33D7-4E70-B4A8-2EF7B7AB95F5}.Release|Any CPU.Build.0 = Release|Any CPU
		{14281736-33D7-4E70-B4A8-2EF7B7AB95F5}.Release|x64.ActiveCfg = Release|Any CPU
		{14281736-33D7-4E70-B4A8-2EF7B7AB95F5}.Release|x64.Build.0 = Release|Any CPU
		{14281736-33D7-4E70-B4A8-2EF7B7AB95F5}.Release|x86.ActiveCfg = Release|Any CPU
		{14281736-33D7-4E70-B4A8-2EF7B7AB95F5}.Release|x86.Build.0 = Release|Any CPU
		{CEEF0914-D6F8-4314-8012-EAB91F6DA047}.Debug|Any CPU.ActiveCfg = Debug|Any CPU
		{CEEF0914-D6F8-4314-8012-EAB91F6DA047}.Debug|Any CPU.Build.0 = Debug|Any CPU
		{CEEF0914-D6F8-4314-8012-EAB91F6DA047}.Debug|x64.ActiveCfg = Debug|Any CPU
		{CEEF0914-D6F8-4314-8012-EAB91F6DA047}.Debug|x64.Build.0 = Debug|Any CPU
		{CEEF0914-D6F8-4314-8012-EAB91F6DA047}.Debug|x86.ActiveCfg = Debug|Any CPU
		{CEEF0914-D6F8-4314-8012-EAB91F6DA047}.Debug|x86.Build.0 = Debug|Any CPU
		{CEEF0914-D6F8-4314-8012-EAB91F6DA047}.Release|Any CPU.ActiveCfg = Release|Any CPU
		{CEEF0914-D6F8-4314-8012-EAB91F6DA047}.Release|Any CPU.Build.0 = Release|Any CPU
		{CEEF0914-D6F8-4314-8012-EAB91F6DA047}.Release|x64.ActiveCfg = Release|Any CPU
		{CEEF0914-D6F8-4314-8012-EAB91F6DA047}.Release|x64.Build.0 = Release|Any CPU
		{CEEF0914-D6F8-4314-8012-EAB91F6DA047}.Release|x86.ActiveCfg = Release|Any CPU
		{CEEF0914-D6F8-4314-8012-EAB91F6DA047}.Release|x86.Build.0 = Release|Any CPU
		{B69E10BA-87BF-4578-8A4D-BD14E0402872}.Debug|Any CPU.ActiveCfg = Debug|Any CPU
		{B69E10BA-87BF-4578-8A4D-BD14E0402872}.Debug|Any CPU.Build.0 = Debug|Any CPU
		{B69E10BA-87BF-4578-8A4D-BD14E0402872}.Debug|x64.ActiveCfg = Debug|Any CPU
		{B69E10BA-87BF-4578-8A4D-BD14E0402872}.Debug|x64.Build.0 = Debug|Any CPU
		{B69E10BA-87BF-4578-8A4D-BD14E0402872}.Debug|x86.ActiveCfg = Debug|Any CPU
		{B69E10BA-87BF-4578-8A4D-BD14E0402872}.Debug|x86.Build.0 = Debug|Any CPU
		{B69E10BA-87BF-4578-8A4D-BD14E0402872}.Release|Any CPU.ActiveCfg = Release|Any CPU
		{B69E10BA-87BF-4578-8A4D-BD14E0402872}.Release|Any CPU.Build.0 = Release|Any CPU
		{B69E10BA-87BF-4578-8A4D-BD14E0402872}.Release|x64.ActiveCfg = Release|Any CPU
		{B69E10BA-87BF-4578-8A4D-BD14E0402872}.Release|x64.Build.0 = Release|Any CPU
		{B69E10BA-87BF-4578-8A4D-BD14E0402872}.Release|x86.ActiveCfg = Release|Any CPU
		{B69E10BA-87BF-4578-8A4D-BD14E0402872}.Release|x86.Build.0 = Release|Any CPU
	EndGlobalSection
	GlobalSection(SolutionProperties) = preSolution
		HideSolutionNode = FALSE
	EndGlobalSection
EndGlobal
